
Microsoft Visual Studio Solution File, Format Version 12.00
# Visual Studio 15
VisualStudioVersion = 15.0.26124.0
MinimumVisualStudioVersion = 15.0.26124.0
Project("{FAE04EC0-301F-11D3-BF4B-00C04F79EFBC}") = "API", "API\API.csproj", "{5AEA58CE-C892-4352-80C9-11B04965D7FB}"
EndProject
Project("{FAE04EC0-301F-11D3-BF4B-00C04F79EFBC}") = "Application", "Application\Application.csproj", "{ED5A5EC8-8452-4EA6-8C82-B05685F0F352}"
EndProject
Project("{FAE04EC0-301F-11D3-BF4B-00C04F79EFBC}") = "Domain", "Domain\Domain.csproj", "{3AFA2187-856C-49BF-AA98-1105AE8AB0C5}"
EndProject
Project("{FAE04EC0-301F-11D3-BF4B-00C04F79EFBC}") = "Persistence", "Persistence\Persistence.csproj", "{6270CBCA-00D0-4437-808D-CCF0ABC04E6A}"
EndProject
Global
	GlobalSection(SolutionConfigurationPlatforms) = preSolution
		Debug|Any CPU = Debug|Any CPU
		Debug|x64 = Debug|x64
		Debug|x86 = Debug|x86
		Release|Any CPU = Release|Any CPU
		Release|x64 = Release|x64
		Release|x86 = Release|x86
	EndGlobalSection
	GlobalSection(SolutionProperties) = preSolution
		HideSolutionNode = FALSE
	EndGlobalSection
	GlobalSection(ProjectConfigurationPlatforms) = postSolution
		{5AEA58CE-C892-4352-80C9-11B04965D7FB}.Debug|Any CPU.ActiveCfg = Debug|Any CPU
		{5AEA58CE-C892-4352-80C9-11B04965D7FB}.Debug|Any CPU.Build.0 = Debug|Any CPU
		{5AEA58CE-C892-4352-80C9-11B04965D7FB}.Debug|x64.ActiveCfg = Debug|Any CPU
		{5AEA58CE-C892-4352-80C9-11B04965D7FB}.Debug|x64.Build.0 = Debug|Any CPU
		{5AEA58CE-C892-4352-80C9-11B04965D7FB}.Debug|x86.ActiveCfg = Debug|Any CPU
		{5AEA58CE-C892-4352-80C9-11B04965D7FB}.Debug|x86.Build.0 = Debug|Any CPU
		{5AEA58CE-C892-4352-80C9-11B04965D7FB}.Release|Any CPU.ActiveCfg = Release|Any CPU
		{5AEA58CE-C892-4352-80C9-11B04965D7FB}.Release|Any CPU.Build.0 = Release|Any CPU
		{5AEA58CE-C892-4352-80C9-11B04965D7FB}.Release|x64.ActiveCfg = Release|Any CPU
		{5AEA58CE-C892-4352-80C9-11B04965D7FB}.Release|x64.Build.0 = Release|Any CPU
		{5AEA58CE-C892-4352-80C9-11B04965D7FB}.Release|x86.ActiveCfg = Release|Any CPU
		{5AEA58CE-C892-4352-80C9-11B04965D7FB}.Release|x86.Build.0 = Release|Any CPU
		{ED5A5EC8-8452-4EA6-8C82-B05685F0F352}.Debug|Any CPU.ActiveCfg = Debug|Any CPU
		{ED5A5EC8-8452-4EA6-8C82-B05685F0F352}.Debug|Any CPU.Build.0 = Debug|Any CPU
		{ED5A5EC8-8452-4EA6-8C82-B05685F0F352}.Debug|x64.ActiveCfg = Debug|Any CPU
		{ED5A5EC8-8452-4EA6-8C82-B05685F0F352}.Debug|x64.Build.0 = Debug|Any CPU
		{ED5A5EC8-8452-4EA6-8C82-B05685F0F352}.Debug|x86.ActiveCfg = Debug|Any CPU
		{ED5A5EC8-8452-4EA6-8C82-B05685F0F352}.Debug|x86.Build.0 = Debug|Any CPU
		{ED5A5EC8-8452-4EA6-8C82-B05685F0F352}.Release|Any CPU.ActiveCfg = Release|Any CPU
		{ED5A5EC8-8452-4EA6-8C82-B05685F0F352}.Release|Any CPU.Build.0 = Release|Any CPU
		{ED5A5EC8-8452-4EA6-8C82-B05685F0F352}.Release|x64.ActiveCfg = Release|Any CPU
		{ED5A5EC8-8452-4EA6-8C82-B05685F0F352}.Release|x64.Build.0 = Release|Any CPU
		{ED5A5EC8-8452-4EA6-8C82-B05685F0F352}.Release|x86.ActiveCfg = Release|Any CPU
		{ED5A5EC8-8452-4EA6-8C82-B05685F0F352}.Release|x86.Build.0 = Release|Any CPU
		{3AFA2187-856C-49BF-AA98-1105AE8AB0C5}.Debug|Any CPU.ActiveCfg = Debug|Any CPU
		{3AFA2187-856C-49BF-AA98-1105AE8AB0C5}.Debug|Any CPU.Build.0 = Debug|Any CPU
		{3AFA2187-856C-49BF-AA98-1105AE8AB0C5}.Debug|x64.ActiveCfg = Debug|Any CPU
		{3AFA2187-856C-49BF-AA98-1105AE8AB0C5}.Debug|x64.Build.0 = Debug|Any CPU
		{3AFA2187-856C-49BF-AA98-1105AE8AB0C5}.Debug|x86.ActiveCfg = Debug|Any CPU
		{3AFA2187-856C-49BF-AA98-1105AE8AB0C5}.Debug|x86.Build.0 = Debug|Any CPU
		{3AFA2187-856C-49BF-AA98-1105AE8AB0C5}.Release|Any CPU.ActiveCfg = Release|Any CPU
		{3AFA2187-856C-49BF-AA98-1105AE8AB0C5}.Release|Any CPU.Build.0 = Release|Any CPU
		{3AFA2187-856C-49BF-AA98-1105AE8AB0C5}.Release|x64.ActiveCfg = Release|Any CPU
		{3AFA2187-856C-49BF-AA98-1105AE8AB0C5}.Release|x64.Build.0 = Release|Any CPU
		{3AFA2187-856C-49BF-AA98-1105AE8AB0C5}.Release|x86.ActiveCfg = Release|Any CPU
		{3AFA2187-856C-49BF-AA98-1105AE8AB0C5}.Release|x86.Build.0 = Release|Any CPU
		{6270CBCA-00D0-4437-808D-CCF0ABC04E6A}.Debug|Any CPU.ActiveCfg = Debug|Any CPU
		{6270CBCA-00D0-4437-808D-CCF0ABC04E6A}.Debug|Any CPU.Build.0 = Debug|Any CPU
		{6270CBCA-00D0-4437-808D-CCF0ABC04E6A}.Debug|x64.ActiveCfg = Debug|Any CPU
		{6270CBCA-00D0-4437-808D-CCF0ABC04E6A}.Debug|x64.Build.0 = Debug|Any CPU
		{6270CBCA-00D0-4437-808D-CCF0ABC04E6A}.Debug|x86.ActiveCfg = Debug|Any CPU
		{6270CBCA-00D0-4437-808D-CCF0ABC04E6A}.Debug|x86.Build.0 = Debug|Any CPU
		{6270CBCA-00D0-4437-808D-CCF0ABC04E6A}.Release|Any CPU.ActiveCfg = Release|Any CPU
		{6270CBCA-00D0-4437-808D-CCF0ABC04E6A}.Release|Any CPU.Build.0 = Release|Any CPU
		{6270CBCA-00D0-4437-808D-CCF0ABC04E6A}.Release|x64.ActiveCfg = Release|Any CPU
		{6270CBCA-00D0-4437-808D-CCF0ABC04E6A}.Release|x64.Build.0 = Release|Any CPU
		{6270CBCA-00D0-4437-808D-CCF0ABC04E6A}.Release|x86.ActiveCfg = Release|Any CPU
		{6270CBCA-00D0-4437-808D-CCF0ABC04E6A}.Release|x86.Build.0 = Release|Any CPU
	EndGlobalSection
EndGlobal
